
Microsoft Visual Studio Solution File, Format Version 12.00
# Visual Studio 2012
Project("{2150E333-8FDC-42A3-9474-1A3956D46DE8}") = "Business", "Business", "{0D30B6C2-FA92-4020-9D4D-5843A9A777A3}"
EndProject
Project("{2150E333-8FDC-42A3-9474-1A3956D46DE8}") = "Client", "Client", "{19496830-8CFA-49AC-B79B-E03BB510814B}"
EndProject
Project("{2150E333-8FDC-42A3-9474-1A3956D46DE8}") = "Common", "Common", "{EA3F7EDA-BDBB-4003-A506-20ADA469FA61}"
EndProject
Project("{2150E333-8FDC-42A3-9474-1A3956D46DE8}") = "Core", "Core", "{55F88A5A-248F-4443-A619-62399E1552FD}"
EndProject
Project("{2150E333-8FDC-42A3-9474-1A3956D46DE8}") = "Hosting", "Hosting", "{2221ACF1-5E21-45F5-99B9-8E5A21EB7845}"
EndProject
Project("{2150E333-8FDC-42A3-9474-1A3956D46DE8}") = "Notes", "Notes", "{F04EA07D-7AD8-458E-9205-AB0D0DF95B42}"
EndProject
Project("{2150E333-8FDC-42A3-9474-1A3956D46DE8}") = "Resource Access", "Resource Access", "{CF022494-E01C-4CA4-8F32-DE24647C9E3D}"
EndProject
Project("{2150E333-8FDC-42A3-9474-1A3956D46DE8}") = "Tests", "Tests", "{E722D68D-6839-49F0-9A0E-AD94C2880B54}"
EndProject
Project("{FAE04EC0-301F-11D3-BF4B-00C04F79EFBC}") = "CarRental.Business.Entities", "CarRental\CarRental.Business.Entities\CarRental.Business.Entities.csproj", "{961F5F9C-5E94-46A6-9C34-ED2DED1CC648}"
EndProject
Project("{FAE04EC0-301F-11D3-BF4B-00C04F79EFBC}") = "CarRental.Client.Entities", "CarRental\CarRental.Client.Entities\CarRental.Client.Entities.csproj", "{72C4A148-E72C-4743-8FCA-BEF655531DBC}"
EndProject
Project("{FAE04EC0-301F-11D3-BF4B-00C04F79EFBC}") = "Core.Common", "Core\Core.Common\Core.Common.csproj", "{B2B0D3C5-289C-4B7F-9695-C610C5DD7C77}"
EndProject
Project("{FAE04EC0-301F-11D3-BF4B-00C04F79EFBC}") = "Core.Common.Contracts", "Core\Core.Common.Contracts\Core.Common.Contracts.csproj", "{54F3757B-7C65-457E-8D43-7E62DD212ED1}"
EndProject
Project("{FAE04EC0-301F-11D3-BF4B-00C04F79EFBC}") = "Core.Common.Tests", "Core\Core.Common.Tests\Core.Common.Tests.csproj", "{E2705EC0-32F6-4361-93DB-3BA647CB4A54}"
EndProject
Project("{FAE04EC0-301F-11D3-BF4B-00C04F79EFBC}") = "CarRental.Data", "CarRental\CarRental.Data\CarRental.Data.csproj", "{8D185933-ECE2-4BF1-9BAF-9D12A1D8E412}"
EndProject
Project("{FAE04EC0-301F-11D3-BF4B-00C04F79EFBC}") = "CarRental.Data.Contracts", "CarRental\CarRental.Data.Contracts\CarRental.Data.Contracts.csproj", "{FF018BD3-D079-41B5-AF99-AA5863588AD9}"
EndProject
Project("{FAE04EC0-301F-11D3-BF4B-00C04F79EFBC}") = "CarRental.Data.Tests", "CarRental\CarRental.Data.Tests\CarRental.Data.Tests.csproj", "{8EB26C50-B73F-47AD-98FB-F89B33708E2E}"
EndProject
Project("{FAE04EC0-301F-11D3-BF4B-00C04F79EFBC}") = "CarRental.Business.Bootstrapper", "CarRental\CarRental.Business.Bootstrapper\CarRental.Business.Bootstrapper.csproj", "{800356C3-F766-4DC6-9A7C-F891E1F98BA8}"
EndProject
Project("{FAE04EC0-301F-11D3-BF4B-00C04F79EFBC}") = "CarRental.Business.Contracts", "CarRental\CarRental.Business.Contracts\CarRental.Business.Contracts.csproj", "{2A922D3B-8429-44BD-8579-2E806F1FA57C}"
EndProject
Project("{FAE04EC0-301F-11D3-BF4B-00C04F79EFBC}") = "CarRental.Business.Managers", "CarRental\CarRental.Business.Managers\CarRental.Business.Managers.csproj", "{02006787-6980-42B9-9FD4-38513961856A}"
EndProject
Project("{FAE04EC0-301F-11D3-BF4B-00C04F79EFBC}") = "CarRental.Business", "CarRental\CarRental.Business\CarRental.Business.csproj", "{A9B914B0-A647-4ECB-91E1-14B2B3342719}"
EndProject
Project("{FAE04EC0-301F-11D3-BF4B-00C04F79EFBC}") = "CarRental.Business.Common", "CarRental\CarRental.Business.Common\CarRental.Business.Common.csproj", "{42B2FA88-1E65-4F14-B39E-3BDB02F9161B}"
EndProject
Project("{FAE04EC0-301F-11D3-BF4B-00C04F79EFBC}") = "CarRental.Common", "CarRental\CarRental.Common\CarRental.Common.csproj", "{F879C018-6E09-4FB0-8CEE-B13CE2B87C6B}"
EndProject
Project("{FAE04EC0-301F-11D3-BF4B-00C04F79EFBC}") = "Core.Common.ServiceModel", "Core\Core.Common.ServiceModel\Core.Common.ServiceModel.csproj", "{86FDB2B8-0441-4CFF-90A6-42479C2E4F98}"
EndProject
Project("{FAE04EC0-301F-11D3-BF4B-00C04F79EFBC}") = "CarRental.Business.Tests", "CarRental\CarRental.Business.Tests\CarRental.Business.Tests.csproj", "{2EE5C9F0-D0F0-4B5A-BF85-D3E9C719B8CA}"
EndProject
Project("{FAE04EC0-301F-11D3-BF4B-00C04F79EFBC}") = "CarRental.Common.Contracts", "CarRental\CarRental.Common.Contracts\CarRental.Common.Contracts.csproj", "{A62825C4-00FC-46B3-B050-A0736F6913C0}"
EndProject
Project("{FAE04EC0-301F-11D3-BF4B-00C04F79EFBC}") = "CarRental.Business.Managers.Tests", "CarRental\CarRental.Business.Managers.Tests\CarRental.Business.Managers.Tests.csproj", "{7E6282ED-A32F-49D9-ACB1-1AB040AD89BE}"
EndProject
Project("{FAE04EC0-301F-11D3-BF4B-00C04F79EFBC}") = "CarRental.ServiceHost.Console", "CarRental\CarRental.ServiceHost.Console\CarRental.ServiceHost.Console.csproj", "{587D089D-47BF-4443-AD15-07D40BD501AA}"
EndProject
Project("{FAE04EC0-301F-11D3-BF4B-00C04F79EFBC}") = "CarRental.ServiceHosts.Tests", "CarRental\CarRental.ServiceHosts.Tests\CarRental.ServiceHosts.Tests.csproj", "{D713C083-B499-409C-9F87-B8A9FB437598}"
EndProject
Project("{FAE04EC0-301F-11D3-BF4B-00C04F79EFBC}") = "CarRental.Client.Contracts", "CarRental\CarRental.Client.Contracts\CarRental.Client.Contracts.csproj", "{70BB77E9-1A4A-42BB-802C-03066DA2D6D6}"
EndProject
Project("{FAE04EC0-301F-11D3-BF4B-00C04F79EFBC}") = "CarRental.Client.Proxies", "CarRental\CarRental.Client.Proxies\CarRental.Client.Proxies.csproj", "{6AFDDF1A-E23F-4390-A632-B5719B414E18}"
EndProject
Project("{FAE04EC0-301F-11D3-BF4B-00C04F79EFBC}") = "CarRental.Client.Bootstrapper", "CarRental\CarRental.Client.Bootstrapper\CarRental.Client.Bootstrapper.csproj", "{20092CCB-AE61-4C9D-A803-816E7FF618C0}"
EndProject
Project("{FAE04EC0-301F-11D3-BF4B-00C04F79EFBC}") = "CarRental.Client.Proxies.Test", "CarRental\CarRental.Client.Proxies.Test\CarRental.Client.Proxies.Test.csproj", "{B9F921F3-5D63-4DC4-B90C-79B5A714B295}"
EndProject
Global
	GlobalSection(SolutionConfigurationPlatforms) = preSolution
		Debug|Any CPU = Debug|Any CPU
		Release|Any CPU = Release|Any CPU
	EndGlobalSection
	GlobalSection(ProjectConfigurationPlatforms) = postSolution
		{961F5F9C-5E94-46A6-9C34-ED2DED1CC648}.Debug|Any CPU.ActiveCfg = Debug|Any CPU
		{961F5F9C-5E94-46A6-9C34-ED2DED1CC648}.Debug|Any CPU.Build.0 = Debug|Any CPU
		{961F5F9C-5E94-46A6-9C34-ED2DED1CC648}.Release|Any CPU.ActiveCfg = Release|Any CPU
		{961F5F9C-5E94-46A6-9C34-ED2DED1CC648}.Release|Any CPU.Build.0 = Release|Any CPU
		{72C4A148-E72C-4743-8FCA-BEF655531DBC}.Debug|Any CPU.ActiveCfg = Debug|Any CPU
		{72C4A148-E72C-4743-8FCA-BEF655531DBC}.Debug|Any CPU.Build.0 = Debug|Any CPU
		{72C4A148-E72C-4743-8FCA-BEF655531DBC}.Release|Any CPU.ActiveCfg = Release|Any CPU
		{72C4A148-E72C-4743-8FCA-BEF655531DBC}.Release|Any CPU.Build.0 = Release|Any CPU
		{B2B0D3C5-289C-4B7F-9695-C610C5DD7C77}.Debug|Any CPU.ActiveCfg = Debug|Any CPU
		{B2B0D3C5-289C-4B7F-9695-C610C5DD7C77}.Debug|Any CPU.Build.0 = Debug|Any CPU
		{B2B0D3C5-289C-4B7F-9695-C610C5DD7C77}.Release|Any CPU.ActiveCfg = Release|Any CPU
		{B2B0D3C5-289C-4B7F-9695-C610C5DD7C77}.Release|Any CPU.Build.0 = Release|Any CPU
		{54F3757B-7C65-457E-8D43-7E62DD212ED1}.Debug|Any CPU.ActiveCfg = Debug|Any CPU
		{54F3757B-7C65-457E-8D43-7E62DD212ED1}.Debug|Any CPU.Build.0 = Debug|Any CPU
		{54F3757B-7C65-457E-8D43-7E62DD212ED1}.Release|Any CPU.ActiveCfg = Release|Any CPU
		{54F3757B-7C65-457E-8D43-7E62DD212ED1}.Release|Any CPU.Build.0 = Release|Any CPU
		{E2705EC0-32F6-4361-93DB-3BA647CB4A54}.Debug|Any CPU.ActiveCfg = Debug|Any CPU
		{E2705EC0-32F6-4361-93DB-3BA647CB4A54}.Debug|Any CPU.Build.0 = Debug|Any CPU
		{E2705EC0-32F6-4361-93DB-3BA647CB4A54}.Release|Any CPU.ActiveCfg = Release|Any CPU
		{E2705EC0-32F6-4361-93DB-3BA647CB4A54}.Release|Any CPU.Build.0 = Release|Any CPU
		{8D185933-ECE2-4BF1-9BAF-9D12A1D8E412}.Debug|Any CPU.ActiveCfg = Debug|Any CPU
		{8D185933-ECE2-4BF1-9BAF-9D12A1D8E412}.Debug|Any CPU.Build.0 = Debug|Any CPU
		{8D185933-ECE2-4BF1-9BAF-9D12A1D8E412}.Release|Any CPU.ActiveCfg = Release|Any CPU
		{8D185933-ECE2-4BF1-9BAF-9D12A1D8E412}.Release|Any CPU.Build.0 = Release|Any CPU
		{FF018BD3-D079-41B5-AF99-AA5863588AD9}.Debug|Any CPU.ActiveCfg = Debug|Any CPU
		{FF018BD3-D079-41B5-AF99-AA5863588AD9}.Debug|Any CPU.Build.0 = Debug|Any CPU
		{FF018BD3-D079-41B5-AF99-AA5863588AD9}.Release|Any CPU.ActiveCfg = Release|Any CPU
		{FF018BD3-D079-41B5-AF99-AA5863588AD9}.Release|Any CPU.Build.0 = Release|Any CPU
		{8EB26C50-B73F-47AD-98FB-F89B33708E2E}.Debug|Any CPU.ActiveCfg = Debug|Any CPU
		{8EB26C50-B73F-47AD-98FB-F89B33708E2E}.Debug|Any CPU.Build.0 = Debug|Any CPU
		{8EB26C50-B73F-47AD-98FB-F89B33708E2E}.Release|Any CPU.ActiveCfg = Release|Any CPU
		{8EB26C50-B73F-47AD-98FB-F89B33708E2E}.Release|Any CPU.Build.0 = Release|Any CPU
		{800356C3-F766-4DC6-9A7C-F891E1F98BA8}.Debug|Any CPU.ActiveCfg = Debug|Any CPU
		{800356C3-F766-4DC6-9A7C-F891E1F98BA8}.Debug|Any CPU.Build.0 = Debug|Any CPU
		{800356C3-F766-4DC6-9A7C-F891E1F98BA8}.Release|Any CPU.ActiveCfg = Release|Any CPU
		{800356C3-F766-4DC6-9A7C-F891E1F98BA8}.Release|Any CPU.Build.0 = Release|Any CPU
		{2A922D3B-8429-44BD-8579-2E806F1FA57C}.Debug|Any CPU.ActiveCfg = Debug|Any CPU
		{2A922D3B-8429-44BD-8579-2E806F1FA57C}.Debug|Any CPU.Build.0 = Debug|Any CPU
		{2A922D3B-8429-44BD-8579-2E806F1FA57C}.Release|Any CPU.ActiveCfg = Release|Any CPU
		{2A922D3B-8429-44BD-8579-2E806F1FA57C}.Release|Any CPU.Build.0 = Release|Any CPU
		{02006787-6980-42B9-9FD4-38513961856A}.Debug|Any CPU.ActiveCfg = Debug|Any CPU
		{02006787-6980-42B9-9FD4-38513961856A}.Debug|Any CPU.Build.0 = Debug|Any CPU
		{02006787-6980-42B9-9FD4-38513961856A}.Release|Any CPU.ActiveCfg = Release|Any CPU
		{02006787-6980-42B9-9FD4-38513961856A}.Release|Any CPU.Build.0 = Release|Any CPU
		{A9B914B0-A647-4ECB-91E1-14B2B3342719}.Debug|Any CPU.ActiveCfg = Debug|Any CPU
		{A9B914B0-A647-4ECB-91E1-14B2B3342719}.Debug|Any CPU.Build.0 = Debug|Any CPU
		{A9B914B0-A647-4ECB-91E1-14B2B3342719}.Release|Any CPU.ActiveCfg = Release|Any CPU
		{A9B914B0-A647-4ECB-91E1-14B2B3342719}.Release|Any CPU.Build.0 = Release|Any CPU
		{42B2FA88-1E65-4F14-B39E-3BDB02F9161B}.Debug|Any CPU.ActiveCfg = Debug|Any CPU
		{42B2FA88-1E65-4F14-B39E-3BDB02F9161B}.Debug|Any CPU.Build.0 = Debug|Any CPU
		{42B2FA88-1E65-4F14-B39E-3BDB02F9161B}.Release|Any CPU.ActiveCfg = Release|Any CPU
		{42B2FA88-1E65-4F14-B39E-3BDB02F9161B}.Release|Any CPU.Build.0 = Release|Any CPU
		{F879C018-6E09-4FB0-8CEE-B13CE2B87C6B}.Debug|Any CPU.ActiveCfg = Debug|Any CPU
		{F879C018-6E09-4FB0-8CEE-B13CE2B87C6B}.Debug|Any CPU.Build.0 = Debug|Any CPU
		{F879C018-6E09-4FB0-8CEE-B13CE2B87C6B}.Release|Any CPU.ActiveCfg = Release|Any CPU
		{F879C018-6E09-4FB0-8CEE-B13CE2B87C6B}.Release|Any CPU.Build.0 = Release|Any CPU
		{86FDB2B8-0441-4CFF-90A6-42479C2E4F98}.Debug|Any CPU.ActiveCfg = Debug|Any CPU
		{86FDB2B8-0441-4CFF-90A6-42479C2E4F98}.Debug|Any CPU.Build.0 = Debug|Any CPU
		{86FDB2B8-0441-4CFF-90A6-42479C2E4F98}.Release|Any CPU.ActiveCfg = Release|Any CPU
		{86FDB2B8-0441-4CFF-90A6-42479C2E4F98}.Release|Any CPU.Build.0 = Release|Any CPU
		{2EE5C9F0-D0F0-4B5A-BF85-D3E9C719B8CA}.Debug|Any CPU.ActiveCfg = Debug|Any CPU
		{2EE5C9F0-D0F0-4B5A-BF85-D3E9C719B8CA}.Debug|Any CPU.Build.0 = Debug|Any CPU
		{2EE5C9F0-D0F0-4B5A-BF85-D3E9C719B8CA}.Release|Any CPU.ActiveCfg = Release|Any CPU
		{2EE5C9F0-D0F0-4B5A-BF85-D3E9C719B8CA}.Release|Any CPU.Build.0 = Release|Any CPU
		{A62825C4-00FC-46B3-B050-A0736F6913C0}.Debug|Any CPU.ActiveCfg = Debug|Any CPU
		{A62825C4-00FC-46B3-B050-A0736F6913C0}.Debug|Any CPU.Build.0 = Debug|Any CPU
		{A62825C4-00FC-46B3-B050-A0736F6913C0}.Release|Any CPU.ActiveCfg = Release|Any CPU
		{A62825C4-00FC-46B3-B050-A0736F6913C0}.Release|Any CPU.Build.0 = Release|Any CPU
		{7E6282ED-A32F-49D9-ACB1-1AB040AD89BE}.Debug|Any CPU.ActiveCfg = Debug|Any CPU
		{7E6282ED-A32F-49D9-ACB1-1AB040AD89BE}.Debug|Any CPU.Build.0 = Debug|Any CPU
		{7E6282ED-A32F-49D9-ACB1-1AB040AD89BE}.Release|Any CPU.ActiveCfg = Release|Any CPU
		{7E6282ED-A32F-49D9-ACB1-1AB040AD89BE}.Release|Any CPU.Build.0 = Release|Any CPU
		{587D089D-47BF-4443-AD15-07D40BD501AA}.Debug|Any CPU.ActiveCfg = Debug|Any CPU
		{587D089D-47BF-4443-AD15-07D40BD501AA}.Debug|Any CPU.Build.0 = Debug|Any CPU
		{587D089D-47BF-4443-AD15-07D40BD501AA}.Release|Any CPU.ActiveCfg = Release|Any CPU
		{587D089D-47BF-4443-AD15-07D40BD501AA}.Release|Any CPU.Build.0 = Release|Any CPU
		{D713C083-B499-409C-9F87-B8A9FB437598}.Debug|Any CPU.ActiveCfg = Debug|Any CPU
		{D713C083-B499-409C-9F87-B8A9FB437598}.Debug|Any CPU.Build.0 = Debug|Any CPU
		{D713C083-B499-409C-9F87-B8A9FB437598}.Release|Any CPU.ActiveCfg = Release|Any CPU
		{D713C083-B499-409C-9F87-B8A9FB437598}.Release|Any CPU.Build.0 = Release|Any CPU
		{70BB77E9-1A4A-42BB-802C-03066DA2D6D6}.Debug|Any CPU.ActiveCfg = Debug|Any CPU
		{70BB77E9-1A4A-42BB-802C-03066DA2D6D6}.Debug|Any CPU.Build.0 = Debug|Any CPU
		{70BB77E9-1A4A-42BB-802C-03066DA2D6D6}.Release|Any CPU.ActiveCfg = Release|Any CPU
		{70BB77E9-1A4A-42BB-802C-03066DA2D6D6}.Release|Any CPU.Build.0 = Release|Any CPU
		{6AFDDF1A-E23F-4390-A632-B5719B414E18}.Debug|Any CPU.ActiveCfg = Debug|Any CPU
		{6AFDDF1A-E23F-4390-A632-B5719B414E18}.Debug|Any CPU.Build.0 = Debug|Any CPU
		{6AFDDF1A-E23F-4390-A632-B5719B414E18}.Release|Any CPU.ActiveCfg = Release|Any CPU
		{6AFDDF1A-E23F-4390-A632-B5719B414E18}.Release|Any CPU.Build.0 = Release|Any CPU
		{20092CCB-AE61-4C9D-A803-816E7FF618C0}.Debug|Any CPU.ActiveCfg = Debug|Any CPU
		{20092CCB-AE61-4C9D-A803-816E7FF618C0}.Debug|Any CPU.Build.0 = Debug|Any CPU
		{20092CCB-AE61-4C9D-A803-816E7FF618C0}.Release|Any CPU.ActiveCfg = Release|Any CPU
		{20092CCB-AE61-4C9D-A803-816E7FF618C0}.Release|Any CPU.Build.0 = Release|Any CPU
		{B9F921F3-5D63-4DC4-B90C-79B5A714B295}.Debug|Any CPU.ActiveCfg = Debug|Any CPU
		{B9F921F3-5D63-4DC4-B90C-79B5A714B295}.Debug|Any CPU.Build.0 = Debug|Any CPU
		{B9F921F3-5D63-4DC4-B90C-79B5A714B295}.Release|Any CPU.ActiveCfg = Release|Any CPU
		{B9F921F3-5D63-4DC4-B90C-79B5A714B295}.Release|Any CPU.Build.0 = Release|Any CPU
	EndGlobalSection
	GlobalSection(SolutionProperties) = preSolution
		HideSolutionNode = FALSE
	EndGlobalSection
	GlobalSection(NestedProjects) = preSolution
		{961F5F9C-5E94-46A6-9C34-ED2DED1CC648} = {0D30B6C2-FA92-4020-9D4D-5843A9A777A3}
		{800356C3-F766-4DC6-9A7C-F891E1F98BA8} = {0D30B6C2-FA92-4020-9D4D-5843A9A777A3}
		{2A922D3B-8429-44BD-8579-2E806F1FA57C} = {0D30B6C2-FA92-4020-9D4D-5843A9A777A3}
		{02006787-6980-42B9-9FD4-38513961856A} = {0D30B6C2-FA92-4020-9D4D-5843A9A777A3}
		{A9B914B0-A647-4ECB-91E1-14B2B3342719} = {0D30B6C2-FA92-4020-9D4D-5843A9A777A3}
		{42B2FA88-1E65-4F14-B39E-3BDB02F9161B} = {0D30B6C2-FA92-4020-9D4D-5843A9A777A3}
		{72C4A148-E72C-4743-8FCA-BEF655531DBC} = {19496830-8CFA-49AC-B79B-E03BB510814B}
		{70BB77E9-1A4A-42BB-802C-03066DA2D6D6} = {19496830-8CFA-49AC-B79B-E03BB510814B}
		{6AFDDF1A-E23F-4390-A632-B5719B414E18} = {19496830-8CFA-49AC-B79B-E03BB510814B}
		{20092CCB-AE61-4C9D-A803-816E7FF618C0} = {19496830-8CFA-49AC-B79B-E03BB510814B}
		{F879C018-6E09-4FB0-8CEE-B13CE2B87C6B} = {EA3F7EDA-BDBB-4003-A506-20ADA469FA61}
		{A62825C4-00FC-46B3-B050-A0736F6913C0} = {EA3F7EDA-BDBB-4003-A506-20ADA469FA61}
		{B2B0D3C5-289C-4B7F-9695-C610C5DD7C77} = {55F88A5A-248F-4443-A619-62399E1552FD}
		{54F3757B-7C65-457E-8D43-7E62DD212ED1} = {55F88A5A-248F-4443-A619-62399E1552FD}
		{86FDB2B8-0441-4CFF-90A6-42479C2E4F98} = {55F88A5A-248F-4443-A619-62399E1552FD}
		{587D089D-47BF-4443-AD15-07D40BD501AA} = {2221ACF1-5E21-45F5-99B9-8E5A21EB7845}
		{8D185933-ECE2-4BF1-9BAF-9D12A1D8E412} = {CF022494-E01C-4CA4-8F32-DE24647C9E3D}
		{FF018BD3-D079-41B5-AF99-AA5863588AD9} = {CF022494-E01C-4CA4-8F32-DE24647C9E3D}
		{E2705EC0-32F6-4361-93DB-3BA647CB4A54} = {E722D68D-6839-49F0-9A0E-AD94C2880B54}
		{8EB26C50-B73F-47AD-98FB-F89B33708E2E} = {E722D68D-6839-49F0-9A0E-AD94C2880B54}
		{2EE5C9F0-D0F0-4B5A-BF85-D3E9C719B8CA} = {E722D68D-6839-49F0-9A0E-AD94C2880B54}
		{7E6282ED-A32F-49D9-ACB1-1AB040AD89BE} = {E722D68D-6839-49F0-9A0E-AD94C2880B54}
		{D713C083-B499-409C-9F87-B8A9FB437598} = {E722D68D-6839-49F0-9A0E-AD94C2880B54}
		{B9F921F3-5D63-4DC4-B90C-79B5A714B295} = {E722D68D-6839-49F0-9A0E-AD94C2880B54}
	EndGlobalSection
EndGlobal
